
Microsoft Visual Studio Solution File, Format Version 12.00
# Visual Studio Version 16
VisualStudioVersion = 16.0.29503.13
MinimumVisualStudioVersion = 10.0.40219.1
Project("{9A19103F-16F7-4668-BE54-9A1E7A4F7556}") = "ClientAzureAD", "ClientAzureAD\ClientAzureAD.csproj", "{AE5CA61E-9053-49AF-A885-8B986B11E676}"
EndProject
Project("{9A19103F-16F7-4668-BE54-9A1E7A4F7556}") = "Microsoft.Identity.Web", "Microsoft.Identity.Web\Microsoft.Identity.Web.csproj", "{880E5177-B208-4502-B2E4-C472C1C243FD}"
EndProject
Project("{9A19103F-16F7-4668-BE54-9A1E7A4F7556}") = "WebAPIAzureAD", "WebAPIAzureAD\WebAPIAzureAD.csproj", "{AAB5D0CB-9ADE-42F3-9446-D248FFF137A2}"
EndProject
Global
	GlobalSection(SolutionConfigurationPlatforms) = preSolution
		Debug|Any CPU = Debug|Any CPU
		Release|Any CPU = Release|Any CPU
	EndGlobalSection
	GlobalSection(ProjectConfigurationPlatforms) = postSolution
		{AE5CA61E-9053-49AF-A885-8B986B11E676}.Debug|Any CPU.ActiveCfg = Debug|Any CPU
		{AE5CA61E-9053-49AF-A885-8B986B11E676}.Debug|Any CPU.Build.0 = Debug|Any CPU
		{AE5CA61E-9053-49AF-A885-8B986B11E676}.Release|Any CPU.ActiveCfg = Release|Any CPU
		{AE5CA61E-9053-49AF-A885-8B986B11E676}.Release|Any CPU.Build.0 = Release|Any CPU
		{880E5177-B208-4502-B2E4-C472C1C243FD}.Debug|Any CPU.ActiveCfg = Debug|Any CPU
		{880E5177-B208-4502-B2E4-C472C1C243FD}.Debug|Any CPU.Build.0 = Debug|Any CPU
		{880E5177-B208-4502-B2E4-C472C1C243FD}.Release|Any CPU.ActiveCfg = Release|Any CPU
		{880E5177-B208-4502-B2E4-C472C1C243FD}.Release|Any CPU.Build.0 = Release|Any CPU
		{AAB5D0CB-9ADE-42F3-9446-D248FFF137A2}.Debug|Any CPU.ActiveCfg = Debug|Any CPU
		{AAB5D0CB-9ADE-42F3-9446-D248FFF137A2}.Debug|Any CPU.Build.0 = Debug|Any CPU
		{AAB5D0CB-9ADE-42F3-9446-D248FFF137A2}.Release|Any CPU.ActiveCfg = Release|Any CPU
		{AAB5D0CB-9ADE-42F3-9446-D248FFF137A2}.Release|Any CPU.Build.0 = Release|Any CPU
	EndGlobalSection
	GlobalSection(SolutionProperties) = preSolution
		HideSolutionNode = FALSE
	EndGlobalSection
	GlobalSection(ExtensibilityGlobals) = postSolution
		SolutionGuid = {F520495D-1214-4845-BC9A-CD3003780F60}
	EndGlobalSection
EndGlobal
