
Microsoft Visual Studio Solution File, Format Version 12.00
# Visual Studio Version 16
VisualStudioVersion = 16.0.29503.13
MinimumVisualStudioVersion = 10.0.40219.1
Project("{FAE04EC0-301F-11D3-BF4B-00C04F79EFBC}") = "ClientAzureAD", "ClientAzureAD.csproj", "{D36E9A34-3DD3-4BC1-9A7E-55CA21449567}"
EndProject
Project("{9A19103F-16F7-4668-BE54-9A1E7A4F7556}") = "Microsoft.Identity.Web", "..\active-directory-aspnetcore-webapp-openidconnect-v2\Microsoft.Identity.Web\Microsoft.Identity.Web.csproj", "{F5A159AE-0A92-4E23-BEFA-D39CEB0DA8DD}"
EndProject
Global
	GlobalSection(SolutionConfigurationPlatforms) = preSolution
		Debug|Any CPU = Debug|Any CPU
		Release|Any CPU = Release|Any CPU
	EndGlobalSection
	GlobalSection(ProjectConfigurationPlatforms) = postSolution
		{D36E9A34-3DD3-4BC1-9A7E-55CA21449567}.Debug|Any CPU.ActiveCfg = Debug|Any CPU
		{D36E9A34-3DD3-4BC1-9A7E-55CA21449567}.Debug|Any CPU.Build.0 = Debug|Any CPU
		{D36E9A34-3DD3-4BC1-9A7E-55CA21449567}.Release|Any CPU.ActiveCfg = Release|Any CPU
		{D36E9A34-3DD3-4BC1-9A7E-55CA21449567}.Release|Any CPU.Build.0 = Release|Any CPU
		{F5A159AE-0A92-4E23-BEFA-D39CEB0DA8DD}.Debug|Any CPU.ActiveCfg = Debug|Any CPU
		{F5A159AE-0A92-4E23-BEFA-D39CEB0DA8DD}.Debug|Any CPU.Build.0 = Debug|Any CPU
		{F5A159AE-0A92-4E23-BEFA-D39CEB0DA8DD}.Release|Any CPU.ActiveCfg = Release|Any CPU
		{F5A159AE-0A92-4E23-BEFA-D39CEB0DA8DD}.Release|Any CPU.Build.0 = Release|Any CPU
	EndGlobalSection
	GlobalSection(SolutionProperties) = preSolution
		HideSolutionNode = FALSE
	EndGlobalSection
	GlobalSection(ExtensibilityGlobals) = postSolution
		SolutionGuid = {5ED5A0AD-CBB3-4045-BE85-3CD2A8781DE3}
	EndGlobalSection
EndGlobal
